// !$*UTF8*$!
{
	archiveVersion = 1;
	classes = {
	};
	objectVersion = 46;
	objects = {

/* Begin PBXBuildFile section */
		D16341F61BB7D2380033C7FB /* AppDelegate.swift in Sources */ = {isa = PBXBuildFile; fileRef = D16341F51BB7D2380033C7FB /* AppDelegate.swift */; };
		D16341F81BB7D2380033C7FB /* ViewController.swift in Sources */ = {isa = PBXBuildFile; fileRef = D16341F71BB7D2380033C7FB /* ViewController.swift */; };
		D16341FB1BB7D2390033C7FB /* Main.storyboard in Resources */ = {isa = PBXBuildFile; fileRef = D16341F91BB7D2390033C7FB /* Main.storyboard */; };
		D16341FD1BB7D2390033C7FB /* Assets.xcassets in Resources */ = {isa = PBXBuildFile; fileRef = D16341FC1BB7D2390033C7FB /* Assets.xcassets */; };
		D16342001BB7D2390033C7FB /* LaunchScreen.storyboard in Resources */ = {isa = PBXBuildFile; fileRef = D16341FE1BB7D2390033C7FB /* LaunchScreen.storyboard */; };
/* End PBXBuildFile section */

/* Begin PBXFileReference section */
		D16341F21BB7D2380033C7FB /* SuperCool.app */ = {isa = PBXFileReference; explicitFileType = wrapper.application; includeInIndex = 0; path = SuperCool.app; sourceTree = BUILT_PRODUCTS_DIR; };
		D16341F51BB7D2380033C7FB /* AppDelegate.swift */ = {isa = PBXFileReference; lastKnownFileType = sourcecode.swift; path = AppDelegate.swift; sourceTree = "<group>"; };
		D16341F71BB7D2380033C7FB /* ViewController.swift */ = {isa = PBXFileReference; lastKnownFileType = sourcecode.swift; path = ViewController.swift; sourceTree = "<group>"; };
		D16341FA1BB7D2390033C7FB /* Base */ = {isa = PBXFileReference; lastKnownFileType = file.storyboard; name = Base; path = Base.lproj/Main.storyboard; sourceTree = "<group>"; };
		D16341FC1BB7D2390033C7FB /* Assets.xcassets */ = {isa = PBXFileReference; lastKnownFileType = folder.assetcatalog; path = Assets.xcassets; sourceTree = "<group>"; };
		D16341FF1BB7D2390033C7FB /* Base */ = {isa = PBXFileReference; lastKnownFileType = file.storyboard; name = Base; path = Base.lproj/LaunchScreen.storyboard; sourceTree = "<group>"; };
		D16342011BB7D2390033C7FB /* Info.plist */ = {isa = PBXFileReference; lastKnownFileType = text.plist.xml; path = Info.plist; sourceTree = "<group>"; };
/* End PBXFileReference section */

/* Begin PBXFrameworksBuildPhase section */
		D16341EF1BB7D2370033C7FB /* Frameworks */ = {
			isa = PBXFrameworksBuildPhase;
			buildActionMask = 2147483647;
			files = (
			);
			runOnlyForDeploymentPostprocessing = 0;
		};
/* End PBXFrameworksBuildPhase section */

/* Begin PBXGroup section */
		D16341E91BB7D2360033C7FB = {
			isa = PBXGroup;
			children = (
				D16341F41BB7D2380033C7FB /* SuperCool */,
				D16341F31BB7D2380033C7FB /* Products */,
			);
			sourceTree = "<group>";
		};
		D16341F31BB7D2380033C7FB /* Products */ = {
			isa = PBXGroup;
			children = (
				D16341F21BB7D2380033C7FB /* SuperCool.app */,
			);
			name = Products;
			sourceTree = "<group>";
		};
		D16341F41BB7D2380033C7FB /* SuperCool */ = {
			isa = PBXGroup;
			children = (
				D16341F51BB7D2380033C7FB /* AppDelegate.swift */,
				D16341F71BB7D2380033C7FB /* ViewController.swift */,
				D16341F91BB7D2390033C7FB /* Main.storyboard */,
				D16341FC1BB7D2390033C7FB /* Assets.xcassets */,
				D16341FE1BB7D2390033C7FB /* LaunchScreen.storyboard */,
				D16342011BB7D2390033C7FB /* Info.plist */,
			);
			path = SuperCool;
			sourceTree = "<group>";
		};
/* End PBXGroup section */

/* Begin PBXNativeTarget section */
		D16341F11BB7D2370033C7FB /* SuperCool */ = {
			isa = PBXNativeTarget;
			buildConfigurationList = D16342041BB7D2390033C7FB /* Build configuration list for PBXNativeTarget "SuperCool" */;
			buildPhases = (
				D16341EE1BB7D2370033C7FB /* Sources */,
				D16341EF1BB7D2370033C7FB /* Frameworks */,
				D16341F01BB7D2370033C7FB /* Resources */,
			);
			buildRules = (
			);
			dependencies = (
			);
			name = SuperCool;
			productName = SuperCool;
			productReference = D16341F21BB7D2380033C7FB /* SuperCool.app */;
			productType = "com.apple.product-type.application";
		};
/* End PBXNativeTarget section */

/* Begin PBXProject section */
		D16341EA1BB7D2360033C7FB /* Project object */ = {
			isa = PBXProject;
			attributes = {
				LastUpgradeCheck = 0700;
				ORGANIZATIONNAME = "Andre Fletcher";
				TargetAttributes = {
					D16341F11BB7D2370033C7FB = {
						CreatedOnToolsVersion = 7.0;
					};
				};
			};
			buildConfigurationList = D16341ED1BB7D2360033C7FB /* Build configuration list for PBXProject "SuperCool" */;
			compatibilityVersion = "Xcode 3.2";
			developmentRegion = English;
			hasScannedForEncodings = 0;
			knownRegions = (
				en,
				Base,
			);
			mainGroup = D16341E91BB7D2360033C7FB;
			productRefGroup = D16341F31BB7D2380033C7FB /* Products */;
			projectDirPath = "";
			projectRoot = "";
			targets = (
				D16341F11BB7D2370033C7FB /* SuperCool */,
			);
		};
/* End PBXProject section */

/* Begin PBXResourcesBuildPhase section */
		D16341F01BB7D2370033C7FB /* Resources */ = {
			isa = PBXResourcesBuildPhase;
			buildActionMask = 2147483647;
			files = (
				D16342001BB7D2390033C7FB /* LaunchScreen.storyboard in Resources */,
				D16341FD1BB7D2390033C7FB /* Assets.xcassets in Resources */,
				D16341FB1BB7D2390033C7FB /* Main.storyboard in Resources */,
			);
			runOnlyForDeploymentPostprocessing = 0;
		};
/* End PBXResourcesBuildPhase section */

/* Begin PBXSourcesBuildPhase section */
		D16341EE1BB7D2370033C7FB /* Sources */ = {
			isa = PBXSourcesBuildPhase;
			buildActionMask = 2147483647;
			files = (
				D16341F81BB7D2380033C7FB /* ViewController.swift in Sources */,
				D16341F61BB7D2380033C7FB /* AppDelegate.swift in Sources */,
			);
			runOnlyForDeploymentPostprocessing = 0;
		};
/* End PBXSourcesBuildPhase section */

/* Begin PBXVariantGroup section */
		D16341F91BB7D2390033C7FB /* Main.storyboard */ = {
			isa = PBXVariantGroup;
			children = (
				D16341FA1BB7D2390033C7FB /* Base */,
			);
			name = Main.storyboard;
			sourceTree = "<group>";
		};
		D16341FE1BB7D2390033C7FB /* LaunchScreen.storyboard */ = {
			isa = PBXVariantGroup;
			children = (
				D16341FF1BB7D2390033C7FB /* Base */,
			);
			name = LaunchScreen.storyboard;
			sourceTree = "<group>";
		};
/* End PBXVariantGroup section */

/* Begin XCBuildConfiguration section */
		D16342021BB7D2390033C7FB /* Debug */ = {
			isa = XCBuildConfiguration;
			buildSettings = {
				ALWAYS_SEARCH_USER_PATHS = NO;
				CLANG_CXX_LANGUAGE_STANDARD = "gnu++0x";
				CLANG_CXX_LIBRARY = "libc++";
				CLANG_ENABLE_MODULES = YES;
				CLANG_ENABLE_OBJC_ARC = YES;
				CLANG_WARN_BOOL_CONVERSION = YES;
				CLANG_WARN_CONSTANT_CONVERSION = YES;
				CLANG_WARN_DIRECT_OBJC_ISA_USAGE = YES_ERROR;
				CLANG_WARN_EMPTY_BODY = YES;
				CLANG_WARN_ENUM_CONVERSION = YES;
				CLANG_WARN_INT_CONVERSION = YES;
				CLANG_WARN_OBJC_ROOT_CLASS = YES_ERROR;
				CLANG_WARN_UNREACHABLE_CODE = YES;
				CLANG_WARN__DUPLICATE_METHOD_MATCH = YES;
				"CODE_SIGN_IDENTITY[sdk=iphoneos*]" = "iPhone Developer";
				COPY_PHASE_STRIP = NO;
				DEBUG_INFORMATION_FORMAT = dwarf;
				ENABLE_STRICT_OBJC_MSGSEND = YES;
				ENABLE_TESTABILITY = YES;
				GCC_C_LANGUAGE_STANDARD = gnu99;
				GCC_DYNAMIC_NO_PIC = NO;
				GCC_NO_COMMON_BLOCKS = YES;
				GCC_OPTIMIZATION_LEVEL = 0;
				GCC_PREPROCESSOR_DEFINITIONS = (
					"DEBUG=1",
					"$(inherited)",
				);
				GCC_WARN_64_TO_32_BIT_CONVERSION = YES;
				GCC_WARN_ABOUT_RETURN_TYPE = YES_ERROR;
				GCC_WARN_UNDECLARED_SELECTOR = YES;
				GCC_WARN_UNINITIALIZED_AUTOS = YES_AGGRESSIVE;
				GCC_WARN_UNUSED_FUNCTION = YES;
				GCC_WARN_UNUSED_VARIABLE = YES;
				IPHONEOS_DEPLOYMENT_TARGET = 9.0;
				MTL_ENABLE_DEBUG_INFO = YES;
				ONLY_ACTIVE_ARCH = YES;
				SDKROOT = iphoneos;
				SWIFT_OPTIMIZATION_LEVEL = "-Onone";
			};
			name = Debug;
		};
		D16342031BB7D2390033C7FB /* Release */ = {
			isa = XCBuildConfiguration;
			buildSettings = {
				ALWAYS_SEARCH_USER_PATHS = NO;
				CLANG_CXX_LANGUAGE_STANDARD = "gnu++0x";
				CLANG_CXX_LIBRARY = "libc++";
				CLANG_ENABLE_MODULES = YES;
				CLANG_ENABLE_OBJC_ARC = YES;
				CLANG_WARN_BOOL_CONVERSION = YES;
				CLANG_WARN_CONSTANT_CONVERSION = YES;
				CLANG_WARN_DIRECT_OBJC_ISA_USAGE = YES_ERROR;
				CLANG_WARN_EMPTY_BODY = YES;
				CLANG_WARN_ENUM_CONVERSION = YES;
				CLANG_WARN_INT_CONVERSION = YES;
				CLANG_WARN_OBJC_ROOT_CLASS = YES_ERROR;
				CLANG_WARN_UNREACHABLE_CODE = YES;
				CLANG_WARN__DUPLICATE_METHOD_MATCH = YES;
				"CODE_SIGN_IDENTITY[sdk=iphoneos*]" = "iPhone Developer";
				COPY_PHASE_STRIP = NO;
				DEBUG_INFORMATION_FORMAT = "dwarf-with-dsym";
				ENABLE_NS_ASSERTIONS = NO;
				ENABLE_STRICT_OBJC_MSGSEND = YES;
				GCC_C_LANGUAGE_STANDARD = gnu99;
				GCC_NO_COMMON_BLOCKS = YES;
				GCC_WARN_64_TO_32_BIT_CONVERSION = YES;
				GCC_WARN_ABOUT_RETURN_TYPE = YES_ERROR;
				GCC_WARN_UNDECLARED_SELECTOR = YES;
				GCC_WARN_UNINITIALIZED_AUTOS = YES_AGGRESSIVE;
				GCC_WARN_UNUSED_FUNCTION = YES;
				GCC_WARN_UNUSED_VARIABLE = YES;
				IPHONEOS_DEPLOYMENT_TARGET = 9.0;
				MTL_ENABLE_DEBUG_INFO = NO;
				SDKROOT = iphoneos;
				VALIDATE_PRODUCT = YES;
			};
			name = Release;
		};
		D16342051BB7D2390033C7FB /* Debug */ = {
			isa = XCBuildConfiguration;
			buildSettings = {
				ASSETCATALOG_COMPILER_APPICON_NAME = AppIcon;
				INFOPLIST_FILE = SuperCool/Info.plist;
				LD_RUNPATH_SEARCH_PATHS = "$(inherited) @executable_path/Frameworks";
				PRODUCT_BUNDLE_IDENTIFIER = za.co.gizwag.SuperCool;
				PRODUCT_NAME = "$(TARGET_NAME)";
				TARGETED_DEVICE_FAMILY = 1;
			};
			name = Debug;
		};
		D16342061BB7D2390033C7FB /* Release */ = {
			isa = XCBuildConfiguration;
			buildSettings = {
				ASSETCATALOG_COMPILER_APPICON_NAME = AppIcon;
				INFOPLIST_FILE = SuperCool/Info.plist;
				LD_RUNPATH_SEARCH_PATHS = "$(inherited) @executable_path/Frameworks";
				PRODUCT_BUNDLE_IDENTIFIER = za.co.gizwag.SuperCool;
				PRODUCT_NAME = "$(TARGET_NAME)";
				TARGETED_DEVICE_FAMILY = 1;
			};
			name = Release;
		};
/* End XCBuildConfiguration section */

/* Begin XCConfigurationList section */
		D16341ED1BB7D2360033C7FB /* Build configuration list for PBXProject "SuperCool" */ = {
			isa = XCConfigurationList;
			buildConfigurations = (
				D16342021BB7D2390033C7FB /* Debug */,
				D16342031BB7D2390033C7FB /* Release */,
			);
			defaultConfigurationIsVisible = 0;
			defaultConfigurationName = Release;
		};
		D16342041BB7D2390033C7FB /* Build configuration list for PBXNativeTarget "SuperCool" */ = {
			isa = XCConfigurationList;
			buildConfigurations = (
				D16342051BB7D2390033C7FB /* Debug */,
				D16342061BB7D2390033C7FB /* Release */,
			);
			defaultConfigurationIsVisible = 0;
		};
/* End XCConfigurationList section */
	};
	rootObject = D16341EA1BB7D2360033C7FB /* Project object */;
}
